// !$*UTF8*$!
{
	archiveVersion = 1;
	classes = {
	};
	objectVersion = 56;
	objects = {

/* Begin PBXBuildFile section */
		077E3D4A2B88D05300ED14FC /* TableViewCell.swift in Sources */ = {isa = PBXBuildFile; fileRef = 077E3D492B88D05300ED14FC /* TableViewCell.swift */; };
		077E3D4C2B89B81600ED14FC /* TableViewSectionKind.swift in Sources */ = {isa = PBXBuildFile; fileRef = 077E3D4B2B89B81600ED14FC /* TableViewSectionKind.swift */; };
		077E3D4E2B89B95000ED14FC /* MainViewController+TableView.swift in Sources */ = {isa = PBXBuildFile; fileRef = 077E3D4D2B89B95000ED14FC /* MainViewController+TableView.swift */; };
		077E3D502B89CB0200ED14FC /* RxCocoa in Frameworks */ = {isa = PBXBuildFile; productRef = 077E3D4F2B89CB0200ED14FC /* RxCocoa */; };
		880EA56C2B886F1D003F87E2 /* AppDelegate.swift in Sources */ = {isa = PBXBuildFile; fileRef = 880EA56B2B886F1D003F87E2 /* AppDelegate.swift */; };
		880EA56E2B886F1D003F87E2 /* SceneDelegate.swift in Sources */ = {isa = PBXBuildFile; fileRef = 880EA56D2B886F1D003F87E2 /* SceneDelegate.swift */; };
		880EA5702B886F1D003F87E2 /* MainViewController.swift in Sources */ = {isa = PBXBuildFile; fileRef = 880EA56F2B886F1D003F87E2 /* MainViewController.swift */; };
		880EA5752B886F1F003F87E2 /* Assets.xcassets in Resources */ = {isa = PBXBuildFile; fileRef = 880EA5742B886F1F003F87E2 /* Assets.xcassets */; };
		880EA5782B886F1F003F87E2 /* LaunchScreen.storyboard in Resources */ = {isa = PBXBuildFile; fileRef = 880EA5762B886F1F003F87E2 /* LaunchScreen.storyboard */; };
		880EA5832B886F1F003F87E2 /* BoxOfficeTests.swift in Sources */ = {isa = PBXBuildFile; fileRef = 880EA5822B886F1F003F87E2 /* BoxOfficeTests.swift */; };
		880EA58D2B886F1F003F87E2 /* BoxOfficeUITests.swift in Sources */ = {isa = PBXBuildFile; fileRef = 880EA58C2B886F1F003F87E2 /* BoxOfficeUITests.swift */; };
		880EA58F2B886F1F003F87E2 /* BoxOfficeUITestsLaunchTests.swift in Sources */ = {isa = PBXBuildFile; fileRef = 880EA58E2B886F1F003F87E2 /* BoxOfficeUITestsLaunchTests.swift */; };
		88B8BF2A2B8871750056CE8D /* Constants.swift in Sources */ = {isa = PBXBuildFile; fileRef = 88B8BF292B8871750056CE8D /* Constants.swift */; };
		88B8BF2C2B88717D0056CE8D /* NetworkMonitor.swift in Sources */ = {isa = PBXBuildFile; fileRef = 88B8BF2B2B88717D0056CE8D /* NetworkMonitor.swift */; };
		88B8BF352B8871DF0056CE8D /* MainViewModel.swift in Sources */ = {isa = PBXBuildFile; fileRef = 88B8BF342B8871DF0056CE8D /* MainViewModel.swift */; };
		88B8BF382B88757C0056CE8D /* SnapKit in Frameworks */ = {isa = PBXBuildFile; productRef = 88B8BF372B88757C0056CE8D /* SnapKit */; };
		88B8BF3B2B88759C0056CE8D /* Alamofire in Frameworks */ = {isa = PBXBuildFile; productRef = 88B8BF3A2B88759C0056CE8D /* Alamofire */; };
		88B8BF3F2B8875D60056CE8D /* RxSwift in Frameworks */ = {isa = PBXBuildFile; productRef = 88B8BF3E2B8875D60056CE8D /* RxSwift */; };
		88B8BF412B8877F60056CE8D /* BoxOfficeResponseDTO.swift in Sources */ = {isa = PBXBuildFile; fileRef = 88B8BF402B8877F60056CE8D /* BoxOfficeResponseDTO.swift */; };
		88B8BF432B887A150056CE8D /* BoxOfficeListResponse.swift in Sources */ = {isa = PBXBuildFile; fileRef = 88B8BF422B887A150056CE8D /* BoxOfficeListResponse.swift */; };
		88B8BF452B887A520056CE8D /* WeeklyBoxOffice.swift in Sources */ = {isa = PBXBuildFile; fileRef = 88B8BF442B887A520056CE8D /* WeeklyBoxOffice.swift */; };
		88B8BF472B887A780056CE8D /* BoxOfficeResult.swift in Sources */ = {isa = PBXBuildFile; fileRef = 88B8BF462B887A780056CE8D /* BoxOfficeResult.swift */; };
		88B8BF492B887E120056CE8D /* MovieInfoResponseDTO.swift in Sources */ = {isa = PBXBuildFile; fileRef = 88B8BF482B887E120056CE8D /* MovieInfoResponseDTO.swift */; };
		88B8BF4B2B88801E0056CE8D /* MovieInfoResponse.swift in Sources */ = {isa = PBXBuildFile; fileRef = 88B8BF4A2B88801E0056CE8D /* MovieInfoResponse.swift */; };
		88B8BF502B88805A0056CE8D /* MovieInfoResult.swift in Sources */ = {isa = PBXBuildFile; fileRef = 88B8BF4F2B88805A0056CE8D /* MovieInfoResult.swift */; };
		88B8BF522B8880780056CE8D /* MovieInfo.swift in Sources */ = {isa = PBXBuildFile; fileRef = 88B8BF512B8880780056CE8D /* MovieInfo.swift */; };
		88B8BF542B8880C70056CE8D /* Actor.swift in Sources */ = {isa = PBXBuildFile; fileRef = 88B8BF532B8880C70056CE8D /* Actor.swift */; };
		88B8BF562B8880E90056CE8D /* Audit.swift in Sources */ = {isa = PBXBuildFile; fileRef = 88B8BF552B8880E90056CE8D /* Audit.swift */; };
		88B8BF582B8881020056CE8D /* Company.swift in Sources */ = {isa = PBXBuildFile; fileRef = 88B8BF572B8881020056CE8D /* Company.swift */; };
		88B8BF5A2B8881170056CE8D /* Director.swift in Sources */ = {isa = PBXBuildFile; fileRef = 88B8BF592B8881170056CE8D /* Director.swift */; };
		88B8BF5D2B8881390056CE8D /* Genre.swift in Sources */ = {isa = PBXBuildFile; fileRef = 88B8BF5C2B8881390056CE8D /* Genre.swift */; };
		88B8BF5F2B88814A0056CE8D /* Nation.swift in Sources */ = {isa = PBXBuildFile; fileRef = 88B8BF5E2B88814A0056CE8D /* Nation.swift */; };
		88B8BF612B88815A0056CE8D /* ShowType.swift in Sources */ = {isa = PBXBuildFile; fileRef = 88B8BF602B88815A0056CE8D /* ShowType.swift */; };
		88B8BF652B8886170056CE8D /* DefaultBoxOfficeRepository.swift in Sources */ = {isa = PBXBuildFile; fileRef = 88B8BF642B8886170056CE8D /* DefaultBoxOfficeRepository.swift */; };
		88B8BF672B8886F70056CE8D /* BoxOfficeRepository.swift in Sources */ = {isa = PBXBuildFile; fileRef = 88B8BF662B8886F70056CE8D /* BoxOfficeRepository.swift */; };
		88B8BF6D2B888D8C0056CE8D /* Extensions.swift in Sources */ = {isa = PBXBuildFile; fileRef = 88B8BF6C2B888D8C0056CE8D /* Extensions.swift */; };
		88B8BF6F2B8890600056CE8D /* ViewModel.swift in Sources */ = {isa = PBXBuildFile; fileRef = 88B8BF6E2B8890600056CE8D /* ViewModel.swift */; };
/* End PBXBuildFile section */

/* Begin PBXContainerItemProxy section */
		880EA57F2B886F1F003F87E2 /* PBXContainerItemProxy */ = {
			isa = PBXContainerItemProxy;
			containerPortal = 880EA5602B886F1D003F87E2 /* Project object */;
			proxyType = 1;
			remoteGlobalIDString = 880EA5672B886F1D003F87E2;
			remoteInfo = BoxOffice;
		};
		880EA5892B886F1F003F87E2 /* PBXContainerItemProxy */ = {
			isa = PBXContainerItemProxy;
			containerPortal = 880EA5602B886F1D003F87E2 /* Project object */;
			proxyType = 1;
			remoteGlobalIDString = 880EA5672B886F1D003F87E2;
			remoteInfo = BoxOffice;
		};
/* End PBXContainerItemProxy section */

/* Begin PBXFileReference section */
		077E3D492B88D05300ED14FC /* TableViewCell.swift */ = {isa = PBXFileReference; lastKnownFileType = sourcecode.swift; path = TableViewCell.swift; sourceTree = "<group>"; };
		077E3D4B2B89B81600ED14FC /* TableViewSectionKind.swift */ = {isa = PBXFileReference; lastKnownFileType = sourcecode.swift; path = TableViewSectionKind.swift; sourceTree = "<group>"; };
		077E3D4D2B89B95000ED14FC /* MainViewController+TableView.swift */ = {isa = PBXFileReference; lastKnownFileType = sourcecode.swift; path = "MainViewController+TableView.swift"; sourceTree = "<group>"; };
		880EA5682B886F1D003F87E2 /* BoxOffice.app */ = {isa = PBXFileReference; explicitFileType = wrapper.application; includeInIndex = 0; path = BoxOffice.app; sourceTree = BUILT_PRODUCTS_DIR; };
		880EA56B2B886F1D003F87E2 /* AppDelegate.swift */ = {isa = PBXFileReference; lastKnownFileType = sourcecode.swift; path = AppDelegate.swift; sourceTree = "<group>"; };
		880EA56D2B886F1D003F87E2 /* SceneDelegate.swift */ = {isa = PBXFileReference; lastKnownFileType = sourcecode.swift; path = SceneDelegate.swift; sourceTree = "<group>"; };
		880EA56F2B886F1D003F87E2 /* MainViewController.swift */ = {isa = PBXFileReference; lastKnownFileType = sourcecode.swift; path = MainViewController.swift; sourceTree = "<group>"; };
		880EA5742B886F1F003F87E2 /* Assets.xcassets */ = {isa = PBXFileReference; lastKnownFileType = folder.assetcatalog; path = Assets.xcassets; sourceTree = "<group>"; };
		880EA5772B886F1F003F87E2 /* Base */ = {isa = PBXFileReference; lastKnownFileType = file.storyboard; name = Base; path = Base.lproj/LaunchScreen.storyboard; sourceTree = "<group>"; };
		880EA5792B886F1F003F87E2 /* Info.plist */ = {isa = PBXFileReference; lastKnownFileType = text.plist.xml; path = Info.plist; sourceTree = "<group>"; };
		880EA57E2B886F1F003F87E2 /* BoxOfficeTests.xctest */ = {isa = PBXFileReference; explicitFileType = wrapper.cfbundle; includeInIndex = 0; path = BoxOfficeTests.xctest; sourceTree = BUILT_PRODUCTS_DIR; };
		880EA5822B886F1F003F87E2 /* BoxOfficeTests.swift */ = {isa = PBXFileReference; lastKnownFileType = sourcecode.swift; path = BoxOfficeTests.swift; sourceTree = "<group>"; };
		880EA5882B886F1F003F87E2 /* BoxOfficeUITests.xctest */ = {isa = PBXFileReference; explicitFileType = wrapper.cfbundle; includeInIndex = 0; path = BoxOfficeUITests.xctest; sourceTree = BUILT_PRODUCTS_DIR; };
		880EA58C2B886F1F003F87E2 /* BoxOfficeUITests.swift */ = {isa = PBXFileReference; lastKnownFileType = sourcecode.swift; path = BoxOfficeUITests.swift; sourceTree = "<group>"; };
		880EA58E2B886F1F003F87E2 /* BoxOfficeUITestsLaunchTests.swift */ = {isa = PBXFileReference; lastKnownFileType = sourcecode.swift; path = BoxOfficeUITestsLaunchTests.swift; sourceTree = "<group>"; };
		88B8BF292B8871750056CE8D /* Constants.swift */ = {isa = PBXFileReference; lastKnownFileType = sourcecode.swift; path = Constants.swift; sourceTree = "<group>"; };
		88B8BF2B2B88717D0056CE8D /* NetworkMonitor.swift */ = {isa = PBXFileReference; lastKnownFileType = sourcecode.swift; path = NetworkMonitor.swift; sourceTree = "<group>"; };
		88B8BF342B8871DF0056CE8D /* MainViewModel.swift */ = {isa = PBXFileReference; lastKnownFileType = sourcecode.swift; path = MainViewModel.swift; sourceTree = "<group>"; };
		88B8BF402B8877F60056CE8D /* BoxOfficeResponseDTO.swift */ = {isa = PBXFileReference; lastKnownFileType = sourcecode.swift; path = BoxOfficeResponseDTO.swift; sourceTree = "<group>"; };
		88B8BF422B887A150056CE8D /* BoxOfficeListResponse.swift */ = {isa = PBXFileReference; lastKnownFileType = sourcecode.swift; path = BoxOfficeListResponse.swift; sourceTree = "<group>"; };
		88B8BF442B887A520056CE8D /* WeeklyBoxOffice.swift */ = {isa = PBXFileReference; lastKnownFileType = sourcecode.swift; path = WeeklyBoxOffice.swift; sourceTree = "<group>"; };
		88B8BF462B887A780056CE8D /* BoxOfficeResult.swift */ = {isa = PBXFileReference; lastKnownFileType = sourcecode.swift; path = BoxOfficeResult.swift; sourceTree = "<group>"; };
		88B8BF482B887E120056CE8D /* MovieInfoResponseDTO.swift */ = {isa = PBXFileReference; lastKnownFileType = sourcecode.swift; path = MovieInfoResponseDTO.swift; sourceTree = "<group>"; };
		88B8BF4A2B88801E0056CE8D /* MovieInfoResponse.swift */ = {isa = PBXFileReference; lastKnownFileType = sourcecode.swift; path = MovieInfoResponse.swift; sourceTree = "<group>"; };
		88B8BF4F2B88805A0056CE8D /* MovieInfoResult.swift */ = {isa = PBXFileReference; lastKnownFileType = sourcecode.swift; path = MovieInfoResult.swift; sourceTree = "<group>"; };
		88B8BF512B8880780056CE8D /* MovieInfo.swift */ = {isa = PBXFileReference; lastKnownFileType = sourcecode.swift; path = MovieInfo.swift; sourceTree = "<group>"; };
		88B8BF532B8880C70056CE8D /* Actor.swift */ = {isa = PBXFileReference; lastKnownFileType = sourcecode.swift; path = Actor.swift; sourceTree = "<group>"; };
		88B8BF552B8880E90056CE8D /* Audit.swift */ = {isa = PBXFileReference; lastKnownFileType = sourcecode.swift; path = Audit.swift; sourceTree = "<group>"; };
		88B8BF572B8881020056CE8D /* Company.swift */ = {isa = PBXFileReference; lastKnownFileType = sourcecode.swift; path = Company.swift; sourceTree = "<group>"; };
		88B8BF592B8881170056CE8D /* Director.swift */ = {isa = PBXFileReference; lastKnownFileType = sourcecode.swift; path = Director.swift; sourceTree = "<group>"; };
		88B8BF5C2B8881390056CE8D /* Genre.swift */ = {isa = PBXFileReference; lastKnownFileType = sourcecode.swift; path = Genre.swift; sourceTree = "<group>"; };
		88B8BF5E2B88814A0056CE8D /* Nation.swift */ = {isa = PBXFileReference; lastKnownFileType = sourcecode.swift; path = Nation.swift; sourceTree = "<group>"; };
		88B8BF602B88815A0056CE8D /* ShowType.swift */ = {isa = PBXFileReference; lastKnownFileType = sourcecode.swift; path = ShowType.swift; sourceTree = "<group>"; };
		88B8BF642B8886170056CE8D /* DefaultBoxOfficeRepository.swift */ = {isa = PBXFileReference; lastKnownFileType = sourcecode.swift; path = DefaultBoxOfficeRepository.swift; sourceTree = "<group>"; };
		88B8BF662B8886F70056CE8D /* BoxOfficeRepository.swift */ = {isa = PBXFileReference; lastKnownFileType = sourcecode.swift; path = BoxOfficeRepository.swift; sourceTree = "<group>"; };
		88B8BF6C2B888D8C0056CE8D /* Extensions.swift */ = {isa = PBXFileReference; lastKnownFileType = sourcecode.swift; path = Extensions.swift; sourceTree = "<group>"; };
		88B8BF6E2B8890600056CE8D /* ViewModel.swift */ = {isa = PBXFileReference; lastKnownFileType = sourcecode.swift; path = ViewModel.swift; sourceTree = "<group>"; };
/* End PBXFileReference section */

/* Begin PBXFrameworksBuildPhase section */
		880EA5652B886F1D003F87E2 /* Frameworks */ = {
			isa = PBXFrameworksBuildPhase;
			buildActionMask = 2147483647;
			files = (
				88B8BF3F2B8875D60056CE8D /* RxSwift in Frameworks */,
				88B8BF382B88757C0056CE8D /* SnapKit in Frameworks */,
				077E3D502B89CB0200ED14FC /* RxCocoa in Frameworks */,
				88B8BF3B2B88759C0056CE8D /* Alamofire in Frameworks */,
			);
			runOnlyForDeploymentPostprocessing = 0;
		};
		880EA57B2B886F1F003F87E2 /* Frameworks */ = {
			isa = PBXFrameworksBuildPhase;
			buildActionMask = 2147483647;
			files = (
			);
			runOnlyForDeploymentPostprocessing = 0;
		};
		880EA5852B886F1F003F87E2 /* Frameworks */ = {
			isa = PBXFrameworksBuildPhase;
			buildActionMask = 2147483647;
			files = (
			);
			runOnlyForDeploymentPostprocessing = 0;
		};
/* End PBXFrameworksBuildPhase section */

/* Begin PBXGroup section */
		880EA55F2B886F1D003F87E2 = {
			isa = PBXGroup;
			children = (
				880EA56A2B886F1D003F87E2 /* BoxOffice */,
				880EA5812B886F1F003F87E2 /* BoxOfficeTests */,
				880EA58B2B886F1F003F87E2 /* BoxOfficeUITests */,
				880EA5692B886F1D003F87E2 /* Products */,
				88B8BF3D2B8875D60056CE8D /* Frameworks */,
			);
			sourceTree = "<group>";
		};
		880EA5692B886F1D003F87E2 /* Products */ = {
			isa = PBXGroup;
			children = (
				880EA5682B886F1D003F87E2 /* BoxOffice.app */,
				880EA57E2B886F1F003F87E2 /* BoxOfficeTests.xctest */,
				880EA5882B886F1F003F87E2 /* BoxOfficeUITests.xctest */,
			);
			name = Products;
			sourceTree = "<group>";
		};
		880EA56A2B886F1D003F87E2 /* BoxOffice */ = {
			isa = PBXGroup;
			children = (
				880EA5742B886F1F003F87E2 /* Assets.xcassets */,
				880EA5762B886F1F003F87E2 /* LaunchScreen.storyboard */,
				880EA5792B886F1F003F87E2 /* Info.plist */,
				88B8BF282B88713E0056CE8D /* Application */,
				88B8BF272B8871390056CE8D /* Helper */,
				88B8BF262B88712C0056CE8D /* Presentation */,
				88B8BF252B8871210056CE8D /* Domain */,
				88B8BF242B8871190056CE8D /* Data */,
			);
			path = BoxOffice;
			sourceTree = "<group>";
		};
		880EA5812B886F1F003F87E2 /* BoxOfficeTests */ = {
			isa = PBXGroup;
			children = (
				880EA5822B886F1F003F87E2 /* BoxOfficeTests.swift */,
			);
			path = BoxOfficeTests;
			sourceTree = "<group>";
		};
		880EA58B2B886F1F003F87E2 /* BoxOfficeUITests */ = {
			isa = PBXGroup;
			children = (
				880EA58C2B886F1F003F87E2 /* BoxOfficeUITests.swift */,
				880EA58E2B886F1F003F87E2 /* BoxOfficeUITestsLaunchTests.swift */,
			);
			path = BoxOfficeUITests;
			sourceTree = "<group>";
		};
		88B8BF242B8871190056CE8D /* Data */ = {
			isa = PBXGroup;
			children = (
				88B8BF332B8871BE0056CE8D /* Repository */,
				88B8BF322B8871AE0056CE8D /* DataTransferObejct */,
			);
			path = Data;
			sourceTree = "<group>";
		};
		88B8BF252B8871210056CE8D /* Domain */ = {
			isa = PBXGroup;
			children = (
				88B8BF312B8871A60056CE8D /* Entity */,
				88B8BF302B8871A10056CE8D /* Interface */,
			);
			path = Domain;
			sourceTree = "<group>";
		};
		88B8BF262B88712C0056CE8D /* Presentation */ = {
			isa = PBXGroup;
			children = (
				88B8BF2D2B8871880056CE8D /* View */,
				88B8BF2E2B88718D0056CE8D /* ViewModel */,
				88B8BF2F2B8871980056CE8D /* Model */,
			);
			path = Presentation;
			sourceTree = "<group>";
		};
		88B8BF272B8871390056CE8D /* Helper */ = {
			isa = PBXGroup;
			children = (
				88B8BF292B8871750056CE8D /* Constants.swift */,
				88B8BF2B2B88717D0056CE8D /* NetworkMonitor.swift */,
				88B8BF6C2B888D8C0056CE8D /* Extensions.swift */,
			);
			path = Helper;
			sourceTree = "<group>";
		};
		88B8BF282B88713E0056CE8D /* Application */ = {
			isa = PBXGroup;
			children = (
				880EA56B2B886F1D003F87E2 /* AppDelegate.swift */,
				880EA56D2B886F1D003F87E2 /* SceneDelegate.swift */,
			);
			path = Application;
			sourceTree = "<group>";
		};
		88B8BF2D2B8871880056CE8D /* View */ = {
			isa = PBXGroup;
			children = (
				880EA56F2B886F1D003F87E2 /* MainViewController.swift */,
				077E3D4D2B89B95000ED14FC /* MainViewController+TableView.swift */,
				077E3D492B88D05300ED14FC /* TableViewCell.swift */,
			);
			path = View;
			sourceTree = "<group>";
		};
		88B8BF2E2B88718D0056CE8D /* ViewModel */ = {
			isa = PBXGroup;
			children = (
				88B8BF342B8871DF0056CE8D /* MainViewModel.swift */,
			);
			path = ViewModel;
			sourceTree = "<group>";
		};
		88B8BF2F2B8871980056CE8D /* Model */ = {
			isa = PBXGroup;
			children = (
				077E3D4B2B89B81600ED14FC /* TableViewSectionKind.swift */,
			);
			path = Model;
			sourceTree = "<group>";
		};
		88B8BF302B8871A10056CE8D /* Interface */ = {
			isa = PBXGroup;
			children = (
				88B8BF662B8886F70056CE8D /* BoxOfficeRepository.swift */,
				88B8BF6E2B8890600056CE8D /* ViewModel.swift */,
			);
			path = Interface;
			sourceTree = "<group>";
		};
		88B8BF312B8871A60056CE8D /* Entity */ = {
			isa = PBXGroup;
			children = (
				88B8BF4C2B88802E0056CE8D /* BoxOffice */,
				88B8BF4E2B88804F0056CE8D /* MovieInfo */,
			);
			path = Entity;
			sourceTree = "<group>";
		};
		88B8BF322B8871AE0056CE8D /* DataTransferObejct */ = {
			isa = PBXGroup;
			children = (
				88B8BF402B8877F60056CE8D /* BoxOfficeResponseDTO.swift */,
				88B8BF482B887E120056CE8D /* MovieInfoResponseDTO.swift */,
			);
			path = DataTransferObejct;
			sourceTree = "<group>";
		};
		88B8BF332B8871BE0056CE8D /* Repository */ = {
			isa = PBXGroup;
			children = (
				88B8BF642B8886170056CE8D /* DefaultBoxOfficeRepository.swift */,
			);
			path = Repository;
			sourceTree = "<group>";
		};
		88B8BF3D2B8875D60056CE8D /* Frameworks */ = {
			isa = PBXGroup;
			children = (
			);
			name = Frameworks;
			sourceTree = "<group>";
		};
		88B8BF4C2B88802E0056CE8D /* BoxOffice */ = {
			isa = PBXGroup;
			children = (
				88B8BF422B887A150056CE8D /* BoxOfficeListResponse.swift */,
				88B8BF442B887A520056CE8D /* WeeklyBoxOffice.swift */,
				88B8BF462B887A780056CE8D /* BoxOfficeResult.swift */,
			);
			path = BoxOffice;
			sourceTree = "<group>";
		};
		88B8BF4E2B88804F0056CE8D /* MovieInfo */ = {
			isa = PBXGroup;
			children = (
				88B8BF4A2B88801E0056CE8D /* MovieInfoResponse.swift */,
				88B8BF4F2B88805A0056CE8D /* MovieInfoResult.swift */,
				88B8BF512B8880780056CE8D /* MovieInfo.swift */,
				88B8BF532B8880C70056CE8D /* Actor.swift */,
				88B8BF552B8880E90056CE8D /* Audit.swift */,
				88B8BF572B8881020056CE8D /* Company.swift */,
				88B8BF592B8881170056CE8D /* Director.swift */,
				88B8BF5C2B8881390056CE8D /* Genre.swift */,
				88B8BF5E2B88814A0056CE8D /* Nation.swift */,
				88B8BF602B88815A0056CE8D /* ShowType.swift */,
			);
			path = MovieInfo;
			sourceTree = "<group>";
		};
/* End PBXGroup section */

/* Begin PBXNativeTarget section */
		880EA5672B886F1D003F87E2 /* BoxOffice */ = {
			isa = PBXNativeTarget;
			buildConfigurationList = 880EA5922B886F1F003F87E2 /* Build configuration list for PBXNativeTarget "BoxOffice" */;
			buildPhases = (
				880EA5642B886F1D003F87E2 /* Sources */,
				880EA5652B886F1D003F87E2 /* Frameworks */,
				880EA5662B886F1D003F87E2 /* Resources */,
			);
			buildRules = (
			);
			dependencies = (
			);
			name = BoxOffice;
			packageProductDependencies = (
				88B8BF372B88757C0056CE8D /* SnapKit */,
				88B8BF3A2B88759C0056CE8D /* Alamofire */,
				88B8BF3E2B8875D60056CE8D /* RxSwift */,
				077E3D4F2B89CB0200ED14FC /* RxCocoa */,
			);
			productName = BoxOffice;
			productReference = 880EA5682B886F1D003F87E2 /* BoxOffice.app */;
			productType = "com.apple.product-type.application";
		};
		880EA57D2B886F1F003F87E2 /* BoxOfficeTests */ = {
			isa = PBXNativeTarget;
			buildConfigurationList = 880EA5952B886F1F003F87E2 /* Build configuration list for PBXNativeTarget "BoxOfficeTests" */;
			buildPhases = (
				880EA57A2B886F1F003F87E2 /* Sources */,
				880EA57B2B886F1F003F87E2 /* Frameworks */,
				880EA57C2B886F1F003F87E2 /* Resources */,
			);
			buildRules = (
			);
			dependencies = (
				880EA5802B886F1F003F87E2 /* PBXTargetDependency */,
			);
			name = BoxOfficeTests;
			productName = BoxOfficeTests;
			productReference = 880EA57E2B886F1F003F87E2 /* BoxOfficeTests.xctest */;
			productType = "com.apple.product-type.bundle.unit-test";
		};
		880EA5872B886F1F003F87E2 /* BoxOfficeUITests */ = {
			isa = PBXNativeTarget;
			buildConfigurationList = 880EA5982B886F1F003F87E2 /* Build configuration list for PBXNativeTarget "BoxOfficeUITests" */;
			buildPhases = (
				880EA5842B886F1F003F87E2 /* Sources */,
				880EA5852B886F1F003F87E2 /* Frameworks */,
				880EA5862B886F1F003F87E2 /* Resources */,
			);
			buildRules = (
			);
			dependencies = (
				880EA58A2B886F1F003F87E2 /* PBXTargetDependency */,
			);
			name = BoxOfficeUITests;
			productName = BoxOfficeUITests;
			productReference = 880EA5882B886F1F003F87E2 /* BoxOfficeUITests.xctest */;
			productType = "com.apple.product-type.bundle.ui-testing";
		};
/* End PBXNativeTarget section */

/* Begin PBXProject section */
		880EA5602B886F1D003F87E2 /* Project object */ = {
			isa = PBXProject;
			attributes = {
				BuildIndependentTargetsInParallel = 1;
				LastSwiftUpdateCheck = 1520;
				LastUpgradeCheck = 1520;
				TargetAttributes = {
					880EA5672B886F1D003F87E2 = {
						CreatedOnToolsVersion = 15.2;
					};
					880EA57D2B886F1F003F87E2 = {
						CreatedOnToolsVersion = 15.2;
						TestTargetID = 880EA5672B886F1D003F87E2;
					};
					880EA5872B886F1F003F87E2 = {
						CreatedOnToolsVersion = 15.2;
						TestTargetID = 880EA5672B886F1D003F87E2;
					};
				};
			};
			buildConfigurationList = 880EA5632B886F1D003F87E2 /* Build configuration list for PBXProject "BoxOffice" */;
			compatibilityVersion = "Xcode 14.0";
			developmentRegion = en;
			hasScannedForEncodings = 0;
			knownRegions = (
				en,
				Base,
			);
			mainGroup = 880EA55F2B886F1D003F87E2;
			packageReferences = (
				88B8BF362B88757C0056CE8D /* XCRemoteSwiftPackageReference "SnapKit" */,
				88B8BF392B88759C0056CE8D /* XCRemoteSwiftPackageReference "Alamofire" */,
				88B8BF3C2B8875C00056CE8D /* XCRemoteSwiftPackageReference "RxSwift" */,
			);
			productRefGroup = 880EA5692B886F1D003F87E2 /* Products */;
			projectDirPath = "";
			projectRoot = "";
			targets = (
				880EA5672B886F1D003F87E2 /* BoxOffice */,
				880EA57D2B886F1F003F87E2 /* BoxOfficeTests */,
				880EA5872B886F1F003F87E2 /* BoxOfficeUITests */,
			);
		};
/* End PBXProject section */

/* Begin PBXResourcesBuildPhase section */
		880EA5662B886F1D003F87E2 /* Resources */ = {
			isa = PBXResourcesBuildPhase;
			buildActionMask = 2147483647;
			files = (
				880EA5782B886F1F003F87E2 /* LaunchScreen.storyboard in Resources */,
				880EA5752B886F1F003F87E2 /* Assets.xcassets in Resources */,
			);
			runOnlyForDeploymentPostprocessing = 0;
		};
		880EA57C2B886F1F003F87E2 /* Resources */ = {
			isa = PBXResourcesBuildPhase;
			buildActionMask = 2147483647;
			files = (
			);
			runOnlyForDeploymentPostprocessing = 0;
		};
		880EA5862B886F1F003F87E2 /* Resources */ = {
			isa = PBXResourcesBuildPhase;
			buildActionMask = 2147483647;
			files = (
			);
			runOnlyForDeploymentPostprocessing = 0;
		};
/* End PBXResourcesBuildPhase section */

/* Begin PBXSourcesBuildPhase section */
		880EA5642B886F1D003F87E2 /* Sources */ = {
			isa = PBXSourcesBuildPhase;
			buildActionMask = 2147483647;
			files = (
				88B8BF522B8880780056CE8D /* MovieInfo.swift in Sources */,
				88B8BF6D2B888D8C0056CE8D /* Extensions.swift in Sources */,
				88B8BF452B887A520056CE8D /* WeeklyBoxOffice.swift in Sources */,
				88B8BF4B2B88801E0056CE8D /* MovieInfoResponse.swift in Sources */,
				880EA5702B886F1D003F87E2 /* MainViewController.swift in Sources */,
				88B8BF652B8886170056CE8D /* DefaultBoxOfficeRepository.swift in Sources */,
				88B8BF6F2B8890600056CE8D /* ViewModel.swift in Sources */,
				880EA56C2B886F1D003F87E2 /* AppDelegate.swift in Sources */,
				077E3D4E2B89B95000ED14FC /* MainViewController+TableView.swift in Sources */,
				88B8BF502B88805A0056CE8D /* MovieInfoResult.swift in Sources */,
				88B8BF612B88815A0056CE8D /* ShowType.swift in Sources */,
				88B8BF412B8877F60056CE8D /* BoxOfficeResponseDTO.swift in Sources */,
				88B8BF672B8886F70056CE8D /* BoxOfficeRepository.swift in Sources */,
				077E3D4A2B88D05300ED14FC /* TableViewCell.swift in Sources */,
				88B8BF5D2B8881390056CE8D /* Genre.swift in Sources */,
				88B8BF5A2B8881170056CE8D /* Director.swift in Sources */,
				88B8BF2C2B88717D0056CE8D /* NetworkMonitor.swift in Sources */,
				88B8BF492B887E120056CE8D /* MovieInfoResponseDTO.swift in Sources */,
				88B8BF542B8880C70056CE8D /* Actor.swift in Sources */,
				88B8BF5F2B88814A0056CE8D /* Nation.swift in Sources */,
				880EA56E2B886F1D003F87E2 /* SceneDelegate.swift in Sources */,
				88B8BF472B887A780056CE8D /* BoxOfficeResult.swift in Sources */,
				88B8BF582B8881020056CE8D /* Company.swift in Sources */,
				88B8BF352B8871DF0056CE8D /* MainViewModel.swift in Sources */,
				88B8BF562B8880E90056CE8D /* Audit.swift in Sources */,
				88B8BF432B887A150056CE8D /* BoxOfficeListResponse.swift in Sources */,
				88B8BF2A2B8871750056CE8D /* Constants.swift in Sources */,
				077E3D4C2B89B81600ED14FC /* TableViewSectionKind.swift in Sources */,
			);
			runOnlyForDeploymentPostprocessing = 0;
		};
		880EA57A2B886F1F003F87E2 /* Sources */ = {
			isa = PBXSourcesBuildPhase;
			buildActionMask = 2147483647;
			files = (
				880EA5832B886F1F003F87E2 /* BoxOfficeTests.swift in Sources */,
			);
			runOnlyForDeploymentPostprocessing = 0;
		};
		880EA5842B886F1F003F87E2 /* Sources */ = {
			isa = PBXSourcesBuildPhase;
			buildActionMask = 2147483647;
			files = (
				880EA58F2B886F1F003F87E2 /* BoxOfficeUITestsLaunchTests.swift in Sources */,
				880EA58D2B886F1F003F87E2 /* BoxOfficeUITests.swift in Sources */,
			);
			runOnlyForDeploymentPostprocessing = 0;
		};
/* End PBXSourcesBuildPhase section */

/* Begin PBXTargetDependency section */
		880EA5802B886F1F003F87E2 /* PBXTargetDependency */ = {
			isa = PBXTargetDependency;
			target = 880EA5672B886F1D003F87E2 /* BoxOffice */;
			targetProxy = 880EA57F2B886F1F003F87E2 /* PBXContainerItemProxy */;
		};
		880EA58A2B886F1F003F87E2 /* PBXTargetDependency */ = {
			isa = PBXTargetDependency;
			target = 880EA5672B886F1D003F87E2 /* BoxOffice */;
			targetProxy = 880EA5892B886F1F003F87E2 /* PBXContainerItemProxy */;
		};
/* End PBXTargetDependency section */

/* Begin PBXVariantGroup section */
		880EA5762B886F1F003F87E2 /* LaunchScreen.storyboard */ = {
			isa = PBXVariantGroup;
			children = (
				880EA5772B886F1F003F87E2 /* Base */,
			);
			name = LaunchScreen.storyboard;
			sourceTree = "<group>";
		};
/* End PBXVariantGroup section */

/* Begin XCBuildConfiguration section */
		880EA5902B886F1F003F87E2 /* Debug */ = {
			isa = XCBuildConfiguration;
			buildSettings = {
				ALWAYS_SEARCH_USER_PATHS = NO;
				ASSETCATALOG_COMPILER_GENERATE_SWIFT_ASSET_SYMBOL_EXTENSIONS = YES;
				CLANG_ANALYZER_NONNULL = YES;
				CLANG_ANALYZER_NUMBER_OBJECT_CONVERSION = YES_AGGRESSIVE;
				CLANG_CXX_LANGUAGE_STANDARD = "gnu++20";
				CLANG_ENABLE_MODULES = YES;
				CLANG_ENABLE_OBJC_ARC = YES;
				CLANG_ENABLE_OBJC_WEAK = YES;
				CLANG_WARN_BLOCK_CAPTURE_AUTORELEASING = YES;
				CLANG_WARN_BOOL_CONVERSION = YES;
				CLANG_WARN_COMMA = YES;
				CLANG_WARN_CONSTANT_CONVERSION = YES;
				CLANG_WARN_DEPRECATED_OBJC_IMPLEMENTATIONS = YES;
				CLANG_WARN_DIRECT_OBJC_ISA_USAGE = YES_ERROR;
				CLANG_WARN_DOCUMENTATION_COMMENTS = YES;
				CLANG_WARN_EMPTY_BODY = YES;
				CLANG_WARN_ENUM_CONVERSION = YES;
				CLANG_WARN_INFINITE_RECURSION = YES;
				CLANG_WARN_INT_CONVERSION = YES;
				CLANG_WARN_NON_LITERAL_NULL_CONVERSION = YES;
				CLANG_WARN_OBJC_IMPLICIT_RETAIN_SELF = YES;
				CLANG_WARN_OBJC_LITERAL_CONVERSION = YES;
				CLANG_WARN_OBJC_ROOT_CLASS = YES_ERROR;
				CLANG_WARN_QUOTED_INCLUDE_IN_FRAMEWORK_HEADER = YES;
				CLANG_WARN_RANGE_LOOP_ANALYSIS = YES;
				CLANG_WARN_STRICT_PROTOTYPES = YES;
				CLANG_WARN_SUSPICIOUS_MOVE = YES;
				CLANG_WARN_UNGUARDED_AVAILABILITY = YES_AGGRESSIVE;
				CLANG_WARN_UNREACHABLE_CODE = YES;
				CLANG_WARN__DUPLICATE_METHOD_MATCH = YES;
				COPY_PHASE_STRIP = NO;
				DEBUG_INFORMATION_FORMAT = dwarf;
				ENABLE_STRICT_OBJC_MSGSEND = YES;
				ENABLE_TESTABILITY = YES;
				ENABLE_USER_SCRIPT_SANDBOXING = YES;
				GCC_C_LANGUAGE_STANDARD = gnu17;
				GCC_DYNAMIC_NO_PIC = NO;
				GCC_NO_COMMON_BLOCKS = YES;
				GCC_OPTIMIZATION_LEVEL = 0;
				GCC_PREPROCESSOR_DEFINITIONS = (
					"DEBUG=1",
					"$(inherited)",
				);
				GCC_WARN_64_TO_32_BIT_CONVERSION = YES;
				GCC_WARN_ABOUT_RETURN_TYPE = YES_ERROR;
				GCC_WARN_UNDECLARED_SELECTOR = YES;
				GCC_WARN_UNINITIALIZED_AUTOS = YES_AGGRESSIVE;
				GCC_WARN_UNUSED_FUNCTION = YES;
				GCC_WARN_UNUSED_VARIABLE = YES;
				IPHONEOS_DEPLOYMENT_TARGET = 17.2;
				LOCALIZATION_PREFERS_STRING_CATALOGS = YES;
				MTL_ENABLE_DEBUG_INFO = INCLUDE_SOURCE;
				MTL_FAST_MATH = YES;
				ONLY_ACTIVE_ARCH = YES;
				SDKROOT = iphoneos;
				SWIFT_ACTIVE_COMPILATION_CONDITIONS = "DEBUG $(inherited)";
				SWIFT_OPTIMIZATION_LEVEL = "-Onone";
			};
			name = Debug;
		};
		880EA5912B886F1F003F87E2 /* Release */ = {
			isa = XCBuildConfiguration;
			buildSettings = {
				ALWAYS_SEARCH_USER_PATHS = NO;
				ASSETCATALOG_COMPILER_GENERATE_SWIFT_ASSET_SYMBOL_EXTENSIONS = YES;
				CLANG_ANALYZER_NONNULL = YES;
				CLANG_ANALYZER_NUMBER_OBJECT_CONVERSION = YES_AGGRESSIVE;
				CLANG_CXX_LANGUAGE_STANDARD = "gnu++20";
				CLANG_ENABLE_MODULES = YES;
				CLANG_ENABLE_OBJC_ARC = YES;
				CLANG_ENABLE_OBJC_WEAK = YES;
				CLANG_WARN_BLOCK_CAPTURE_AUTORELEASING = YES;
				CLANG_WARN_BOOL_CONVERSION = YES;
				CLANG_WARN_COMMA = YES;
				CLANG_WARN_CONSTANT_CONVERSION = YES;
				CLANG_WARN_DEPRECATED_OBJC_IMPLEMENTATIONS = YES;
				CLANG_WARN_DIRECT_OBJC_ISA_USAGE = YES_ERROR;
				CLANG_WARN_DOCUMENTATION_COMMENTS = YES;
				CLANG_WARN_EMPTY_BODY = YES;
				CLANG_WARN_ENUM_CONVERSION = YES;
				CLANG_WARN_INFINITE_RECURSION = YES;
				CLANG_WARN_INT_CONVERSION = YES;
				CLANG_WARN_NON_LITERAL_NULL_CONVERSION = YES;
				CLANG_WARN_OBJC_IMPLICIT_RETAIN_SELF = YES;
				CLANG_WARN_OBJC_LITERAL_CONVERSION = YES;
				CLANG_WARN_OBJC_ROOT_CLASS = YES_ERROR;
				CLANG_WARN_QUOTED_INCLUDE_IN_FRAMEWORK_HEADER = YES;
				CLANG_WARN_RANGE_LOOP_ANALYSIS = YES;
				CLANG_WARN_STRICT_PROTOTYPES = YES;
				CLANG_WARN_SUSPICIOUS_MOVE = YES;
				CLANG_WARN_UNGUARDED_AVAILABILITY = YES_AGGRESSIVE;
				CLANG_WARN_UNREACHABLE_CODE = YES;
				CLANG_WARN__DUPLICATE_METHOD_MATCH = YES;
				COPY_PHASE_STRIP = NO;
				DEBUG_INFORMATION_FORMAT = "dwarf-with-dsym";
				ENABLE_NS_ASSERTIONS = NO;
				ENABLE_STRICT_OBJC_MSGSEND = YES;
				ENABLE_USER_SCRIPT_SANDBOXING = YES;
				GCC_C_LANGUAGE_STANDARD = gnu17;
				GCC_NO_COMMON_BLOCKS = YES;
				GCC_WARN_64_TO_32_BIT_CONVERSION = YES;
				GCC_WARN_ABOUT_RETURN_TYPE = YES_ERROR;
				GCC_WARN_UNDECLARED_SELECTOR = YES;
				GCC_WARN_UNINITIALIZED_AUTOS = YES_AGGRESSIVE;
				GCC_WARN_UNUSED_FUNCTION = YES;
				GCC_WARN_UNUSED_VARIABLE = YES;
				IPHONEOS_DEPLOYMENT_TARGET = 17.2;
				LOCALIZATION_PREFERS_STRING_CATALOGS = YES;
				MTL_ENABLE_DEBUG_INFO = NO;
				MTL_FAST_MATH = YES;
				SDKROOT = iphoneos;
				SWIFT_COMPILATION_MODE = wholemodule;
				VALIDATE_PRODUCT = YES;
			};
			name = Release;
		};
		880EA5932B886F1F003F87E2 /* Debug */ = {
			isa = XCBuildConfiguration;
			buildSettings = {
				ASSETCATALOG_COMPILER_APPICON_NAME = AppIcon;
				ASSETCATALOG_COMPILER_GLOBAL_ACCENT_COLOR_NAME = AccentColor;
				CODE_SIGN_STYLE = Automatic;
				CURRENT_PROJECT_VERSION = 1;
				DEVELOPMENT_TEAM = N8PP6SFL29;
				GENERATE_INFOPLIST_FILE = YES;
				INFOPLIST_FILE = BoxOffice/Info.plist;
				INFOPLIST_KEY_UIApplicationSupportsIndirectInputEvents = YES;
				INFOPLIST_KEY_UILaunchStoryboardName = LaunchScreen;
				INFOPLIST_KEY_UISupportedInterfaceOrientations = UIInterfaceOrientationPortrait;
				INFOPLIST_KEY_UISupportedInterfaceOrientations_iPad = "UIInterfaceOrientationLandscapeLeft UIInterfaceOrientationLandscapeRight UIInterfaceOrientationPortrait UIInterfaceOrientationPortraitUpsideDown";
				IPHONEOS_DEPLOYMENT_TARGET = 16.0;
				LD_RUNPATH_SEARCH_PATHS = (
					"$(inherited)",
					"@executable_path/Frameworks",
				);
				MARKETING_VERSION = 1.0;
				PRODUCT_BUNDLE_IDENTIFIER = com.BoxOffice;
				PRODUCT_NAME = "$(TARGET_NAME)";
				SUPPORTED_PLATFORMS = "iphoneos iphonesimulator";
				SUPPORTS_MACCATALYST = NO;
				SUPPORTS_MAC_DESIGNED_FOR_IPHONE_IPAD = NO;
				SUPPORTS_XR_DESIGNED_FOR_IPHONE_IPAD = NO;
				SWIFT_EMIT_LOC_STRINGS = YES;
				SWIFT_VERSION = 5.0;
				TARGETED_DEVICE_FAMILY = 1;
			};
			name = Debug;
		};
		880EA5942B886F1F003F87E2 /* Release */ = {
			isa = XCBuildConfiguration;
			buildSettings = {
				ASSETCATALOG_COMPILER_APPICON_NAME = AppIcon;
				ASSETCATALOG_COMPILER_GLOBAL_ACCENT_COLOR_NAME = AccentColor;
				CODE_SIGN_STYLE = Automatic;
				CURRENT_PROJECT_VERSION = 1;
				DEVELOPMENT_TEAM = N8PP6SFL29;
				GENERATE_INFOPLIST_FILE = YES;
				INFOPLIST_FILE = BoxOffice/Info.plist;
				INFOPLIST_KEY_UIApplicationSupportsIndirectInputEvents = YES;
				INFOPLIST_KEY_UILaunchStoryboardName = LaunchScreen;
				INFOPLIST_KEY_UISupportedInterfaceOrientations = UIInterfaceOrientationPortrait;
				INFOPLIST_KEY_UISupportedInterfaceOrientations_iPad = "UIInterfaceOrientationLandscapeLeft UIInterfaceOrientationLandscapeRight UIInterfaceOrientationPortrait UIInterfaceOrientationPortraitUpsideDown";
				IPHONEOS_DEPLOYMENT_TARGET = 16.0;
				LD_RUNPATH_SEARCH_PATHS = (
					"$(inherited)",
					"@executable_path/Frameworks",
				);
				MARKETING_VERSION = 1.0;
				PRODUCT_BUNDLE_IDENTIFIER = com.BoxOffice;
				PRODUCT_NAME = "$(TARGET_NAME)";
				SUPPORTED_PLATFORMS = "iphoneos iphonesimulator";
				SUPPORTS_MACCATALYST = NO;
				SUPPORTS_MAC_DESIGNED_FOR_IPHONE_IPAD = NO;
				SUPPORTS_XR_DESIGNED_FOR_IPHONE_IPAD = NO;
				SWIFT_EMIT_LOC_STRINGS = YES;
				SWIFT_VERSION = 5.0;
				TARGETED_DEVICE_FAMILY = 1;
			};
			name = Release;
		};
		880EA5962B886F1F003F87E2 /* Debug */ = {
			isa = XCBuildConfiguration;
			buildSettings = {
				ALWAYS_EMBED_SWIFT_STANDARD_LIBRARIES = YES;
				BUNDLE_LOADER = "$(TEST_HOST)";
				CODE_SIGN_STYLE = Automatic;
				CURRENT_PROJECT_VERSION = 1;
				DEVELOPMENT_TEAM = N8PP6SFL29;
				GENERATE_INFOPLIST_FILE = YES;
				IPHONEOS_DEPLOYMENT_TARGET = 17.2;
				MARKETING_VERSION = 1.0;
				PRODUCT_BUNDLE_IDENTIFIER = com.BoxOfficeTests;
				PRODUCT_NAME = "$(TARGET_NAME)";
				SWIFT_EMIT_LOC_STRINGS = NO;
				SWIFT_VERSION = 5.0;
				TARGETED_DEVICE_FAMILY = "1,2";
				TEST_HOST = "$(BUILT_PRODUCTS_DIR)/BoxOffice.app/$(BUNDLE_EXECUTABLE_FOLDER_PATH)/BoxOffice";
			};
			name = Debug;
		};
		880EA5972B886F1F003F87E2 /* Release */ = {
			isa = XCBuildConfiguration;
			buildSettings = {
				ALWAYS_EMBED_SWIFT_STANDARD_LIBRARIES = YES;
				BUNDLE_LOADER = "$(TEST_HOST)";
				CODE_SIGN_STYLE = Automatic;
				CURRENT_PROJECT_VERSION = 1;
				DEVELOPMENT_TEAM = N8PP6SFL29;
				GENERATE_INFOPLIST_FILE = YES;
				IPHONEOS_DEPLOYMENT_TARGET = 17.2;
				MARKETING_VERSION = 1.0;
				PRODUCT_BUNDLE_IDENTIFIER = com.BoxOfficeTests;
				PRODUCT_NAME = "$(TARGET_NAME)";
				SWIFT_EMIT_LOC_STRINGS = NO;
				SWIFT_VERSION = 5.0;
				TARGETED_DEVICE_FAMILY = "1,2";
				TEST_HOST = "$(BUILT_PRODUCTS_DIR)/BoxOffice.app/$(BUNDLE_EXECUTABLE_FOLDER_PATH)/BoxOffice";
			};
			name = Release;
		};
		880EA5992B886F1F003F87E2 /* Debug */ = {
			isa = XCBuildConfiguration;
			buildSettings = {
				ALWAYS_EMBED_SWIFT_STANDARD_LIBRARIES = YES;
				CODE_SIGN_STYLE = Automatic;
				CURRENT_PROJECT_VERSION = 1;
				DEVELOPMENT_TEAM = N8PP6SFL29;
				GENERATE_INFOPLIST_FILE = YES;
				MARKETING_VERSION = 1.0;
				PRODUCT_BUNDLE_IDENTIFIER = com.BoxOfficeUITests;
				PRODUCT_NAME = "$(TARGET_NAME)";
				SWIFT_EMIT_LOC_STRINGS = NO;
				SWIFT_VERSION = 5.0;
				TARGETED_DEVICE_FAMILY = "1,2";
				TEST_TARGET_NAME = BoxOffice;
			};
			name = Debug;
		};
		880EA59A2B886F1F003F87E2 /* Release */ = {
			isa = XCBuildConfiguration;
			buildSettings = {
				ALWAYS_EMBED_SWIFT_STANDARD_LIBRARIES = YES;
				CODE_SIGN_STYLE = Automatic;
				CURRENT_PROJECT_VERSION = 1;
				DEVELOPMENT_TEAM = N8PP6SFL29;
				GENERATE_INFOPLIST_FILE = YES;
				MARKETING_VERSION = 1.0;
				PRODUCT_BUNDLE_IDENTIFIER = com.BoxOfficeUITests;
				PRODUCT_NAME = "$(TARGET_NAME)";
				SWIFT_EMIT_LOC_STRINGS = NO;
				SWIFT_VERSION = 5.0;
				TARGETED_DEVICE_FAMILY = "1,2";
				TEST_TARGET_NAME = BoxOffice;
			};
			name = Release;
		};
/* End XCBuildConfiguration section */

/* Begin XCConfigurationList section */
		880EA5632B886F1D003F87E2 /* Build configuration list for PBXProject "BoxOffice" */ = {
			isa = XCConfigurationList;
			buildConfigurations = (
				880EA5902B886F1F003F87E2 /* Debug */,
				880EA5912B886F1F003F87E2 /* Release */,
			);
			defaultConfigurationIsVisible = 0;
			defaultConfigurationName = Release;
		};
		880EA5922B886F1F003F87E2 /* Build configuration list for PBXNativeTarget "BoxOffice" */ = {
			isa = XCConfigurationList;
			buildConfigurations = (
				880EA5932B886F1F003F87E2 /* Debug */,
				880EA5942B886F1F003F87E2 /* Release */,
			);
			defaultConfigurationIsVisible = 0;
			defaultConfigurationName = Release;
		};
		880EA5952B886F1F003F87E2 /* Build configuration list for PBXNativeTarget "BoxOfficeTests" */ = {
			isa = XCConfigurationList;
			buildConfigurations = (
				880EA5962B886F1F003F87E2 /* Debug */,
				880EA5972B886F1F003F87E2 /* Release */,
			);
			defaultConfigurationIsVisible = 0;
			defaultConfigurationName = Release;
		};
		880EA5982B886F1F003F87E2 /* Build configuration list for PBXNativeTarget "BoxOfficeUITests" */ = {
			isa = XCConfigurationList;
			buildConfigurations = (
				880EA5992B886F1F003F87E2 /* Debug */,
				880EA59A2B886F1F003F87E2 /* Release */,
			);
			defaultConfigurationIsVisible = 0;
			defaultConfigurationName = Release;
		};
/* End XCConfigurationList section */

/* Begin XCRemoteSwiftPackageReference section */
		88B8BF362B88757C0056CE8D /* XCRemoteSwiftPackageReference "SnapKit" */ = {
			isa = XCRemoteSwiftPackageReference;
			repositoryURL = "https://github.com/SnapKit/SnapKit.git";
			requirement = {
				kind = upToNextMajorVersion;
				minimumVersion = 5.7.1;
			};
		};
		88B8BF392B88759C0056CE8D /* XCRemoteSwiftPackageReference "Alamofire" */ = {
			isa = XCRemoteSwiftPackageReference;
			repositoryURL = "https://github.com/Alamofire/Alamofire.git";
			requirement = {
				kind = upToNextMajorVersion;
				minimumVersion = 5.8.1;
			};
		};
		88B8BF3C2B8875C00056CE8D /* XCRemoteSwiftPackageReference "RxSwift" */ = {
			isa = XCRemoteSwiftPackageReference;
			repositoryURL = "https://github.com/ReactiveX/RxSwift.git";
			requirement = {
				kind = upToNextMajorVersion;
				minimumVersion = 6.6.0;
			};
		};
/* End XCRemoteSwiftPackageReference section */

/* Begin XCSwiftPackageProductDependency section */
		077E3D4F2B89CB0200ED14FC /* RxCocoa */ = {
			isa = XCSwiftPackageProductDependency;
			package = 88B8BF3C2B8875C00056CE8D /* XCRemoteSwiftPackageReference "RxSwift" */;
			productName = RxCocoa;
		};
		88B8BF372B88757C0056CE8D /* SnapKit */ = {
			isa = XCSwiftPackageProductDependency;
			package = 88B8BF362B88757C0056CE8D /* XCRemoteSwiftPackageReference "SnapKit" */;
			productName = SnapKit;
		};
		88B8BF3A2B88759C0056CE8D /* Alamofire */ = {
			isa = XCSwiftPackageProductDependency;
			package = 88B8BF392B88759C0056CE8D /* XCRemoteSwiftPackageReference "Alamofire" */;
			productName = Alamofire;
		};
		88B8BF3E2B8875D60056CE8D /* RxSwift */ = {
			isa = XCSwiftPackageProductDependency;
			package = 88B8BF3C2B8875C00056CE8D /* XCRemoteSwiftPackageReference "RxSwift" */;
			productName = RxSwift;
		};
/* End XCSwiftPackageProductDependency section */
	};
	rootObject = 880EA5602B886F1D003F87E2 /* Project object */;
}
